
Microsoft Visual Studio Solution File, Format Version 12.00
# Visual Studio 15
VisualStudioVersion = 15.0.28307.1705
MinimumVisualStudioVersion = 10.0.40219.1
Project("{FAE04EC0-301F-11D3-BF4B-00C04F79EFBC}") = "OnlineShopping", "OnlineShopping\OnlineShopping.csproj", "{B3113C36-91E9-4BE8-A389-D119842592BA}"
EndProject
Project("{FAE04EC0-301F-11D3-BF4B-00C04F79EFBC}") = "SharpChain", "SharpChain\SharpChain.csproj", "{CCDFB4EB-C06C-40E0-8780-F690F8EFF23C}"
EndProject
Global
	GlobalSection(SolutionConfigurationPlatforms) = preSolution
		Debug|Any CPU = Debug|Any CPU
		Release|Any CPU = Release|Any CPU
	EndGlobalSection
	GlobalSection(ProjectConfigurationPlatforms) = postSolution
		{B3113C36-91E9-4BE8-A389-D119842592BA}.Debug|Any CPU.ActiveCfg = Debug|Any CPU
		{B3113C36-91E9-4BE8-A389-D119842592BA}.Debug|Any CPU.Build.0 = Debug|Any CPU
		{B3113C36-91E9-4BE8-A389-D119842592BA}.Release|Any CPU.ActiveCfg = Release|Any CPU
		{B3113C36-91E9-4BE8-A389-D119842592BA}.Release|Any CPU.Build.0 = Release|Any CPU
		{CCDFB4EB-C06C-40E0-8780-F690F8EFF23C}.Debug|Any CPU.ActiveCfg = Debug|Any CPU
		{CCDFB4EB-C06C-40E0-8780-F690F8EFF23C}.Debug|Any CPU.Build.0 = Debug|Any CPU
		{CCDFB4EB-C06C-40E0-8780-F690F8EFF23C}.Release|Any CPU.ActiveCfg = Release|Any CPU
		{CCDFB4EB-C06C-40E0-8780-F690F8EFF23C}.Release|Any CPU.Build.0 = Release|Any CPU
	EndGlobalSection
	GlobalSection(SolutionProperties) = preSolution
		HideSolutionNode = FALSE
	EndGlobalSection
	GlobalSection(ExtensibilityGlobals) = postSolution
		SolutionGuid = {4731D7CF-36DC-44A0-A9AA-78F6A247C0C3}
	EndGlobalSection
EndGlobal
